{
  "version": 3,
  "targets": {
    ".NETFramework,Version=v4.6.1": {
      "Accord/3.8.0": {
        "type": "package",
        "compile": {
          "lib/net46/Accord.dll": {}
        },
        "runtime": {
          "lib/net46/Accord.dll": {}
        },
        "build": {
          "build/Accord.targets": {}
        }
      },
      "Autofac/4.8.1": {
        "type": "package",
        "frameworkAssemblies": [
          "Microsoft.CSharp",
          "System"
        ],
        "compile": {
          "lib/net45/Autofac.dll": {}
        },
        "runtime": {
          "lib/net45/Autofac.dll": {}
        }
      },
      "Newtonsoft.Json/12.0.1": {
        "type": "package",
        "compile": {
          "lib/net45/Newtonsoft.Json.dll": {}
        },
        "runtime": {
          "lib/net45/Newtonsoft.Json.dll": {}
        }
      },
      "NUnit/3.11.0": {
        "type": "package",
        "compile": {
          "lib/net45/nunit.framework.dll": {}
        },
        "runtime": {
          "lib/net45/nunit.framework.dll": {}
        },
        "build": {
          "build/NUnit.props": {}
        }
      },
      "PDF.Core/4.6.1.2": {
        "type": "package",
        "compile": {
          "lib/netstandard2.0/IronPdf.Core.dll": {}
        },
        "runtime": {
          "lib/netstandard2.0/IronPdf.Core.dll": {}
        }
      },
      "popper.js/1.14.0": {
        "type": "package"
      }
    },
    ".NETFramework,Version=v4.6.1/win": {
      "Accord/3.8.0": {
        "type": "package",
        "compile": {
          "lib/net46/Accord.dll": {}
        },
        "runtime": {
          "lib/net46/Accord.dll": {}
        },
        "build": {
          "build/Accord.targets": {}
        }
      },
      "Autofac/4.8.1": {
        "type": "package",
        "frameworkAssemblies": [
          "Microsoft.CSharp",
          "System"
        ],
        "compile": {
          "lib/net45/Autofac.dll": {}
        },
        "runtime": {
          "lib/net45/Autofac.dll": {}
        }
      },
      "Newtonsoft.Json/12.0.1": {
        "type": "package",
        "compile": {
          "lib/net45/Newtonsoft.Json.dll": {}
        },
        "runtime": {
          "lib/net45/Newtonsoft.Json.dll": {}
        }
      },
      "NUnit/3.11.0": {
        "type": "package",
        "compile": {
          "lib/net45/nunit.framework.dll": {}
        },
        "runtime": {
          "lib/net45/nunit.framework.dll": {}
        },
        "build": {
          "build/NUnit.props": {}
        }
      },
      "PDF.Core/4.6.1.2": {
        "type": "package",
        "compile": {
          "lib/netstandard2.0/IronPdf.Core.dll": {}
        },
        "runtime": {
          "lib/netstandard2.0/IronPdf.Core.dll": {}
        }
      },
      "popper.js/1.14.0": {
        "type": "package"
      }
    },
    ".NETFramework,Version=v4.6.1/win-x64": {
      "Accord/3.8.0": {
        "type": "package",
        "compile": {
          "lib/net46/Accord.dll": {}
        },
        "runtime": {
          "lib/net46/Accord.dll": {}
        },
        "build": {
          "build/Accord.targets": {}
        }
      },
      "Autofac/4.8.1": {
        "type": "package",
        "frameworkAssemblies": [
          "Microsoft.CSharp",
          "System"
        ],
        "compile": {
          "lib/net45/Autofac.dll": {}
        },
        "runtime": {
          "lib/net45/Autofac.dll": {}
        }
      },
      "Newtonsoft.Json/12.0.1": {
        "type": "package",
        "compile": {
          "lib/net45/Newtonsoft.Json.dll": {}
        },
        "runtime": {
          "lib/net45/Newtonsoft.Json.dll": {}
        }
      },
      "NUnit/3.11.0": {
        "type": "package",
        "compile": {
          "lib/net45/nunit.framework.dll": {}
        },
        "runtime": {
          "lib/net45/nunit.framework.dll": {}
        },
        "build": {
          "build/NUnit.props": {}
        }
      },
      "PDF.Core/4.6.1.2": {
        "type": "package",
        "compile": {
          "lib/netstandard2.0/IronPdf.Core.dll": {}
        },
        "runtime": {
          "lib/netstandard2.0/IronPdf.Core.dll": {}
        }
      },
      "popper.js/1.14.0": {
        "type": "package"
      }
    },
    ".NETFramework,Version=v4.6.1/win-x86": {
      "Accord/3.8.0": {
        "type": "package",
        "compile": {
          "lib/net46/Accord.dll": {}
        },
        "runtime": {
          "lib/net46/Accord.dll": {}
        },
        "build": {
          "build/Accord.targets": {}
        }
      },
      "Autofac/4.8.1": {
        "type": "package",
        "frameworkAssemblies": [
          "Microsoft.CSharp",
          "System"
        ],
        "compile": {
          "lib/net45/Autofac.dll": {}
        },
        "runtime": {
          "lib/net45/Autofac.dll": {}
        }
      },
      "Newtonsoft.Json/12.0.1": {
        "type": "package",
        "compile": {
          "lib/net45/Newtonsoft.Json.dll": {}
        },
        "runtime": {
          "lib/net45/Newtonsoft.Json.dll": {}
        }
      },
      "NUnit/3.11.0": {
        "type": "package",
        "compile": {
          "lib/net45/nunit.framework.dll": {}
        },
        "runtime": {
          "lib/net45/nunit.framework.dll": {}
        },
        "build": {
          "build/NUnit.props": {}
        }
      },
      "PDF.Core/4.6.1.2": {
        "type": "package",
        "compile": {
          "lib/netstandard2.0/IronPdf.Core.dll": {}
        },
        "runtime": {
          "lib/netstandard2.0/IronPdf.Core.dll": {}
        }
      },
      "popper.js/1.14.0": {
        "type": "package"
      }
    }
  },
  "libraries": {
    "Accord/3.8.0": {
      "sha512": "7kJrB570dO5ELim+2KWQNozuvWO9/BuZfZspdFy36fcWPNF2CEccblLuILeUlI8QJYd2DlBy0bfK8BlCx/uayA==",
      "type": "package",
      "path": "accord/3.8.0",
      "files": [
        ".nupkg.metadata",
        ".signature.p7s",
        "accord.3.8.0.nupkg.sha512",
        "accord.nuspec",
        "build/Accord.dll.config",
        "build/Accord.targets",
        "lib/net35-unity full v3.5/Accord.dll",
        "lib/net35-unity full v3.5/Accord.xml",
        "lib/net35-unity micro v3.5/Accord.dll",
        "lib/net35-unity micro v3.5/Accord.xml",
        "lib/net35-unity subset v3.5/Accord.dll",
        "lib/net35-unity subset v3.5/Accord.xml",
        "lib/net35-unity web v3.5/Accord.dll",
        "lib/net35-unity web v3.5/Accord.xml",
        "lib/net35/Accord.dll",
        "lib/net35/Accord.xml",
        "lib/net40/Accord.dll",
        "lib/net40/Accord.xml",
        "lib/net45/Accord.dll",
        "lib/net45/Accord.xml",
        "lib/net46/Accord.dll",
        "lib/net46/Accord.xml",
        "lib/net462/Accord.dll",
        "lib/net462/Accord.xml",
        "lib/netstandard1.4/Accord.dll",
        "lib/netstandard1.4/Accord.xml",
        "lib/netstandard2.0/Accord.dll",
        "lib/netstandard2.0/Accord.xml"
      ]
    },
    "Autofac/4.8.1": {
      "sha512": "aIT9rupCOdab5RMfxvWTBmOxGU77tLqmvSF4V89SzV6oQcJrtuKw/Xp55xy9EijSktbMka55SbroAPOyT+lziw==",
      "type": "package",
      "path": "autofac/4.8.1",
      "files": [
        ".nupkg.metadata",
        ".signature.p7s",
        "autofac.4.8.1.nupkg.sha512",
        "autofac.nuspec",
        "lib/net45/Autofac.dll",
        "lib/net45/Autofac.xml",
        "lib/netstandard1.1/Autofac.dll",
        "lib/netstandard1.1/Autofac.xml"
      ]
    },
    "Newtonsoft.Json/12.0.1": {
      "sha512": "pBR3wCgYWZGiaZDYP+HHYnalVnPJlpP1q55qvVb+adrDHmFMDc1NAKio61xTwftK3Pw5h7TZJPJEEVMd6ty8rg==",
      "type": "package",
      "path": "newtonsoft.json/12.0.1",
      "files": [
        ".nupkg.metadata",
        ".signature.p7s",
        "LICENSE.md",
        "lib/net20/Newtonsoft.Json.dll",
        "lib/net20/Newtonsoft.Json.pdb",
        "lib/net20/Newtonsoft.Json.xml",
        "lib/net35/Newtonsoft.Json.dll",
        "lib/net35/Newtonsoft.Json.pdb",
        "lib/net35/Newtonsoft.Json.xml",
        "lib/net40/Newtonsoft.Json.dll",
        "lib/net40/Newtonsoft.Json.pdb",
        "lib/net40/Newtonsoft.Json.xml",
        "lib/net45/Newtonsoft.Json.dll",
        "lib/net45/Newtonsoft.Json.pdb",
        "lib/net45/Newtonsoft.Json.xml",
        "lib/netstandard1.0/Newtonsoft.Json.dll",
        "lib/netstandard1.0/Newtonsoft.Json.pdb",
        "lib/netstandard1.0/Newtonsoft.Json.xml",
        "lib/netstandard1.3/Newtonsoft.Json.dll",
        "lib/netstandard1.3/Newtonsoft.Json.pdb",
        "lib/netstandard1.3/Newtonsoft.Json.xml",
        "lib/netstandard2.0/Newtonsoft.Json.dll",
        "lib/netstandard2.0/Newtonsoft.Json.pdb",
        "lib/netstandard2.0/Newtonsoft.Json.xml",
        "lib/portable-net40+sl5+win8+wp8+wpa81/Newtonsoft.Json.dll",
        "lib/portable-net40+sl5+win8+wp8+wpa81/Newtonsoft.Json.pdb",
        "lib/portable-net40+sl5+win8+wp8+wpa81/Newtonsoft.Json.xml",
        "lib/portable-net45+win8+wp8+wpa81/Newtonsoft.Json.dll",
        "lib/portable-net45+win8+wp8+wpa81/Newtonsoft.Json.pdb",
        "lib/portable-net45+win8+wp8+wpa81/Newtonsoft.Json.xml",
        "newtonsoft.json.12.0.1.nupkg.sha512",
        "newtonsoft.json.nuspec"
      ]
    },
    "NUnit/3.11.0": {
      "sha512": "BzGk+u02RCrysmLlSzD+okxzMQ8JRF4eFC/qijDJ8Y/FBdTrTkxkQyTFsYkG1o++pr7QpFAE4VDXDqIfZ/gBAg==",
      "type": "package",
      "path": "nunit/3.11.0",
      "files": [
        ".nupkg.metadata",
        ".signature.p7s",
        "CHANGES.md",
        "LICENSE.txt",
        "NOTICES.txt",
        "build/NUnit.props",
        "lib/net20/NUnit.System.Linq.dll",
        "lib/net20/nunit.framework.dll",
        "lib/net20/nunit.framework.pdb",
        "lib/net20/nunit.framework.xml",
        "lib/net35/nunit.framework.dll",
        "lib/net35/nunit.framework.pdb",
        "lib/net35/nunit.framework.xml",
        "lib/net40/nunit.framework.dll",
        "lib/net40/nunit.framework.pdb",
        "lib/net40/nunit.framework.xml",
        "lib/net45/nunit.framework.dll",
        "lib/net45/nunit.framework.pdb",
        "lib/net45/nunit.framework.xml",
        "lib/netstandard1.4/nunit.framework.dll",
        "lib/netstandard1.4/nunit.framework.pdb",
        "lib/netstandard1.4/nunit.framework.xml",
        "lib/netstandard2.0/nunit.framework.dll",
        "lib/netstandard2.0/nunit.framework.pdb",
        "lib/netstandard2.0/nunit.framework.xml",
        "nunit.3.11.0.nupkg.sha512",
        "nunit.nuspec"
      ]
    },
    "PDF.Core/4.6.1.2": {
      "sha512": "tbt5KsomeoRY8RmBt7ZJJ9bqrIU8aU9oIkiATnrEEP5y+0eMYMH9uq+LjNGxvu/4UrHI7R8kGwiCAFK5Qs0Lvw==",
      "type": "package",
      "path": "pdf.core/4.6.1.2",
      "files": [
        ".nupkg.metadata",
        ".signature.p7s",
        "lib/netstandard2.0/IronPdf.Core.deps.json",
        "lib/netstandard2.0/IronPdf.Core.dll",
        "lib/netstandard2.0/IronPdf.Core.pdb",
        "lib/netstandard2.0/IronPdf.Core.xml",
        "pdf.core.4.6.1.2.nupkg.sha512",
        "pdf.core.nuspec",
        "readme.txt"
      ]
    },
    "popper.js/1.14.0": {
      "sha512": "SPxZdXknelgQ015wey7GMZvsVdt/SyEmHYORhEp5k/uF9MUk9DPtkn+6dR98fud2hVWJjZm9KKr474+r7WQt+A==",
      "type": "package",
      "path": "popper.js/1.14.0",
      "files": [
        ".nupkg.metadata",
        ".signature.p7s",
        "content/Scripts/README.md",
        "content/Scripts/esm/popper-utils.js",
        "content/Scripts/esm/popper-utils.js.map",
        "content/Scripts/esm/popper-utils.min.js",
        "content/Scripts/esm/popper-utils.min.js.map",
        "content/Scripts/esm/popper.js",
        "content/Scripts/esm/popper.js.map",
        "content/Scripts/esm/popper.min.js",
        "content/Scripts/esm/popper.min.js.map",
        "content/Scripts/index.d.ts",
        "content/Scripts/popper-utils.js",
        "content/Scripts/popper-utils.js.map",
        "content/Scripts/popper-utils.min.js",
        "content/Scripts/popper-utils.min.js.map",
        "content/Scripts/popper.js",
        "content/Scripts/popper.js.map",
        "content/Scripts/popper.min.js",
        "content/Scripts/popper.min.js.map",
        "content/Scripts/umd/popper-utils.js",
        "content/Scripts/umd/popper-utils.js.map",
        "content/Scripts/umd/popper-utils.min.js",
        "content/Scripts/umd/popper-utils.min.js.map",
        "content/Scripts/umd/popper.js",
        "content/Scripts/umd/popper.js.map",
        "content/Scripts/umd/popper.min.js",
        "content/Scripts/umd/popper.min.js.map",
        "popper.js.1.14.0.nupkg.sha512",
        "popper.js.nuspec"
      ]
    }
  },
  "projectFileDependencyGroups": {
    ".NETFramework,Version=v4.6.1": [
      "Accord >= 3.8.0",
      "Autofac >= 4.8.1",
      "NUnit >= 3.11.0",
      "Newtonsoft.Json >= 12.0.1",
      "PDF.Core >= 4.6.1.2",
    ]
  },
  "packageFolders": {
    "C:\\Users\\wuyang\\.nuget\\packages\\": {}
  },
  "project": {
    "version": "1.0.0",
    "restore": {
      "projectUniqueName": "C:\\Users\\wuyang\\Documents\\Visual Studio 2017\\Projects\\ConsoleApp1\\ConsoleApp1\\ConsoleApp1.csproj",
      "projectName": "ConsoleApp1",
      "projectPath": "C:\\Users\\wuyang\\Documents\\Visual Studio 2017\\Projects\\ConsoleApp1\\ConsoleApp1\\ConsoleApp1.csproj",
      "packagesPath": "C:\\Users\\wuyang\\.nuget\\packages\\",
      "outputPath": "C:\\Users\\wuyang\\Documents\\Visual Studio 2017\\Projects\\ConsoleApp1\\ConsoleApp1\\obj\\",
      "projectStyle": "PackageReference",
      "skipContentFileWrite": true,
      "configFilePaths": [
        "C:\\Users\\wuyang\\AppData\\Roaming\\NuGet\\NuGet.Config",
        "C:\\Program Files (x86)\\NuGet\\Config\\Microsoft.VisualStudio.Offline.config"
      ],
      "originalTargetFrameworks": [
        "net461"
      ],
      "sources": {
        "C:\\Program Files (x86)\\Microsoft SDKs\\NuGetPackages\\": {},
        "https://api.nuget.org/v3/index.json": {},
        "https://mseng.pkgs.visualstudio.com/_packaging/ComponentGovernance/nuget/v3/index.json": {},
        "https://ossmsft.pkgs.visualstudio.com/_packaging/OSS_All/nuget/v3/index.json": {}
      },
      "frameworks": {
        "net461": {
          "projectReferences": {}
        }
      }
    },
    "frameworks": {
      "net461": {
        "dependencies": {
          "Accord": {
            "target": "Package",
            "version": "[3.8.0, )"
          },
          "Autofac": {
            "target": "Package",
            "version": "[4.8.1, )"
          },
          "NUnit": {
            "target": "Package",
            "version": "[3.11.0, )"
          },
          "Newtonsoft.Json": {
            "target": "Package",
            "version": "[12.0.1, )"
          },
          "PDF.Core": {
            "target": "Package",
            "version": "[4.6.1.2, )"
          },
          "bootstrap": {
            "target": "Package",
            "version": "[4.2.1, )"
          }
        }
      }
    },
    "runtimes": {
      "win": {
        "#import": []
      },
      "win-x64": {
        "#import": []
      },
      "win-x86": {
        "#import": []
      }
    }
  }
}