PODS:
  - boost-for-react-native (1.63.0)
  - DoubleConversion (1.1.6)
  - fabric-react-native (0.2.3):
    - OfficeUIFabric (>= 0.3.2)
    - React (>= 0.60)
  - FBLazyVector (0.61.2)
  - FBReactNativeSpec (0.61.2):
    - Folly (= 2018.10.22.00)
    - RCTRequired (= 0.61.2)
    - RCTTypeSafety (= 0.61.2)
    - React-Core (= 0.61.2)
    - React-jsi (= 0.61.2)
    - ReactCommon/turbomodule/core (= 0.61.2)
  - Folly (2018.10.22.00):
    - boost-for-react-native
    - DoubleConversion
    - Folly/Default (= 2018.10.22.00)
    - glog
  - Folly/Default (2018.10.22.00):
    - boost-for-react-native
    - DoubleConversion
    - glog
  - glog (0.3.5)
  - Helpshift (7.6.3)
  - ItemsViewMobile (23.3.22):
    - fabric-react-native (= 0.2.3)
    - OneDriveSDK/OneDriveCoreSDK
    - React (>= 0.60.0)
    - react-native-shimmer (= 0.5.0)
    - react-native-sqlite-storage (= 3.3.10)
    - RNFS (= 2.14.1)
  - LivePersonaCard (20200127.1.3):
    - LivePersonaCard/Midgard (= 20200127.1.3)
    - MGDCocoaCore
    - React
  - LivePersonaCard/Midgard (20200127.1.3):
    - MGDCocoaCore
    - React
  - MGDCocoaCore (20200127.1.3):
    - MGDCocoaCore/Midgard (= 20200127.1.3)
    - React
  - MGDCocoaCore/Midgard (20200127.1.3):
    - React
  - MicrosoftSharedUI (0.2.16):
    - OfficeUIFabric (~> 0.3.11)
  - OfficeFeed (20200127.1.3):
    - MGDCocoaCore
    - OfficeFeed/Midgard (= 20200127.1.3)
    - React
  - OfficeFeed/Midgard (20200127.1.3):
    - MGDCocoaCore
    - React
  - OfficeUIFabric (0.3.12)
  - OneDriveSDK/Common (1.3.0)
  - OneDriveSDK/OneDriveCoreSDK (1.3.0):
    - OneDriveSDK/Common
  - PrivacySharedFramework (0.2.12):
    - MicrosoftSharedUI (~> 0.2.16)
    - Reykjavik (~> 0.0.16)
  - RCTRequired (0.61.2)
  - RCTTypeSafety (0.61.2):
    - FBLazyVector (= 0.61.2)
    - Folly (= 2018.10.22.00)
    - RCTRequired (= 0.61.2)
    - React-Core (= 0.61.2)
  - React (0.61.2):
    - React-Core (= 0.61.2)
    - React-Core/DevSupport (= 0.61.2)
    - React-Core/RCTWebSocket (= 0.61.2)
    - React-RCTActionSheet (= 0.61.2)
    - React-RCTAnimation (= 0.61.2)
    - React-RCTBlob (= 0.61.2)
    - React-RCTImage (= 0.61.2)
    - React-RCTLinking (= 0.61.2)
    - React-RCTNetwork (= 0.61.2)
    - React-RCTSettings (= 0.61.2)
    - React-RCTText (= 0.61.2)
    - React-RCTVibration (= 0.61.2)
  - React-Core (0.61.2):
    - Folly (= 2018.10.22.00)
    - glog
    - React-Core/Default (= 0.61.2)
    - React-cxxreact (= 0.61.2)
    - React-jsi (= 0.61.2)
    - React-jsiexecutor (= 0.61.2)
    - Yoga
  - React-Core/CoreModulesHeaders (0.61.2):
    - Folly (= 2018.10.22.00)
    - glog
    - React-Core/Default
    - React-cxxreact (= 0.61.2)
    - React-jsi (= 0.61.2)
    - React-jsiexecutor (= 0.61.2)
    - Yoga
  - React-Core/Default (0.61.2):
    - Folly (= 2018.10.22.00)
    - glog
    - React-cxxreact (= 0.61.2)
    - React-jsi (= 0.61.2)
    - React-jsiexecutor (= 0.61.2)
    - Yoga
  - React-Core/DevSupport (0.61.2):
    - Folly (= 2018.10.22.00)
    - glog
    - React-Core/Default (= 0.61.2)
    - React-Core/RCTWebSocket (= 0.61.2)
    - React-cxxreact (= 0.61.2)
    - React-jsi (= 0.61.2)
    - React-jsiexecutor (= 0.61.2)
    - React-jsinspector (= 0.61.2)
    - Yoga
  - React-Core/RCTActionSheetHeaders (0.61.2):
    - Folly (= 2018.10.22.00)
    - glog
    - React-Core/Default
    - React-cxxreact (= 0.61.2)
    - React-jsi (= 0.61.2)
    - React-jsiexecutor (= 0.61.2)
    - Yoga
  - React-Core/RCTAnimationHeaders (0.61.2):
    - Folly (= 2018.10.22.00)
    - glog
    - React-Core/Default
    - React-cxxreact (= 0.61.2)
    - React-jsi (= 0.61.2)
    - React-jsiexecutor (= 0.61.2)
    - Yoga
  - React-Core/RCTBlobHeaders (0.61.2):
    - Folly (= 2018.10.22.00)
    - glog
    - React-Core/Default
    - React-cxxreact (= 0.61.2)
    - React-jsi (= 0.61.2)
    - React-jsiexecutor (= 0.61.2)
    - Yoga
  - React-Core/RCTImageHeaders (0.61.2):
    - Folly (= 2018.10.22.00)
    - glog
    - React-Core/Default
    - React-cxxreact (= 0.61.2)
    - React-jsi (= 0.61.2)
    - React-jsiexecutor (= 0.61.2)
    - Yoga
  - React-Core/RCTLinkingHeaders (0.61.2):
    - Folly (= 2018.10.22.00)
    - glog
    - React-Core/Default
    - React-cxxreact (= 0.61.2)
    - React-jsi (= 0.61.2)
    - React-jsiexecutor (= 0.61.2)
    - Yoga
  - React-Core/RCTNetworkHeaders (0.61.2):
    - Folly (= 2018.10.22.00)
    - glog
    - React-Core/Default
    - React-cxxreact (= 0.61.2)
    - React-jsi (= 0.61.2)
    - React-jsiexecutor (= 0.61.2)
    - Yoga
  - React-Core/RCTSettingsHeaders (0.61.2):
    - Folly (= 2018.10.22.00)
    - glog
    - React-Core/Default
    - React-cxxreact (= 0.61.2)
    - React-jsi (= 0.61.2)
    - React-jsiexecutor (= 0.61.2)
    - Yoga
  - React-Core/RCTTextHeaders (0.61.2):
    - Folly (= 2018.10.22.00)
    - glog
    - React-Core/Default
    - React-cxxreact (= 0.61.2)
    - React-jsi (= 0.61.2)
    - React-jsiexecutor (= 0.61.2)
    - Yoga
  - React-Core/RCTVibrationHeaders (0.61.2):
    - Folly (= 2018.10.22.00)
    - glog
    - React-Core/Default
    - React-cxxreact (= 0.61.2)
    - React-jsi (= 0.61.2)
    - React-jsiexecutor (= 0.61.2)
    - Yoga
  - React-Core/RCTWebSocket (0.61.2):
    - Folly (= 2018.10.22.00)
    - glog
    - React-Core/Default (= 0.61.2)
    - React-cxxreact (= 0.61.2)
    - React-jsi (= 0.61.2)
    - React-jsiexecutor (= 0.61.2)
    - Yoga
  - React-CoreModules (0.61.2):
    - FBReactNativeSpec (= 0.61.2)
    - Folly (= 2018.10.22.00)
    - RCTTypeSafety (= 0.61.2)
    - React-Core/CoreModulesHeaders (= 0.61.2)
    - React-RCTImage (= 0.61.2)
    - ReactCommon/turbomodule/core (= 0.61.2)
  - React-cxxreact (0.61.2):
    - boost-for-react-native (= 1.63.0)
    - DoubleConversion
    - Folly (= 2018.10.22.00)
    - glog
    - React-jsinspector (= 0.61.2)
  - React-jsi (0.61.2):
    - boost-for-react-native (= 1.63.0)
    - DoubleConversion
    - Folly (= 2018.10.22.00)
    - glog
    - React-jsi/Default (= 0.61.2)
  - React-jsi/Default (0.61.2):
    - boost-for-react-native (= 1.63.0)
    - DoubleConversion
    - Folly (= 2018.10.22.00)
    - glog
  - React-jsiexecutor (0.61.2):
    - DoubleConversion
    - Folly (= 2018.10.22.00)
    - glog
    - React-cxxreact (= 0.61.2)
    - React-jsi (= 0.61.2)
  - React-jsinspector (0.61.2)
  - react-native-netinfo (4.3.1):
    - React
  - react-native-shimmer (0.5.0):
    - React (>= 0.45.1)
    - Shimmer (~> 1)
  - react-native-sqlite-storage (3.3.10):
    - React
  - react-native-webview (7.6.0):
    - React
  - React-RCTActionSheet (0.61.2):
    - React-Core/RCTActionSheetHeaders (= 0.61.2)
  - React-RCTAnimation (0.61.2):
    - React-Core/RCTAnimationHeaders (= 0.61.2)
  - React-RCTBlob (0.61.2):
    - React-Core/RCTBlobHeaders (= 0.61.2)
    - React-Core/RCTWebSocket (= 0.61.2)
    - React-jsi (= 0.61.2)
    - React-RCTNetwork (= 0.61.2)
  - React-RCTImage (0.61.2):
    - React-Core/RCTImageHeaders (= 0.61.2)
    - React-RCTNetwork (= 0.61.2)
  - React-RCTLinking (0.61.2):
    - React-Core/RCTLinkingHeaders (= 0.61.2)
  - React-RCTNetwork (0.61.2):
    - React-Core/RCTNetworkHeaders (= 0.61.2)
  - React-RCTSettings (0.61.2):
    - React-Core/RCTSettingsHeaders (= 0.61.2)
  - React-RCTText (0.61.2):
    - React-Core/RCTTextHeaders (= 0.61.2)
  - React-RCTVibration (0.61.2):
    - React-Core/RCTVibrationHeaders (= 0.61.2)
  - ReactCommon/jscallinvoker (0.61.2):
    - DoubleConversion
    - Folly (= 2018.10.22.00)
    - glog
    - React-cxxreact (= 0.61.2)
  - ReactCommon/turbomodule/core (0.61.2):
    - DoubleConversion
    - Folly (= 2018.10.22.00)
    - glog
    - React-Core (= 0.61.2)
    - React-cxxreact (= 0.61.2)
    - React-jsi (= 0.61.2)
    - ReactCommon/jscallinvoker (= 0.61.2)
  - Reykjavik (0.0.16)
  - RNCortanaConversation (2.8.7):
    - React
  - RNFS (2.14.1):
    - React
  - Shimmer (1.0.2)
  - SwiftLint (0.38.2)
  - uservoice-iphone-sdk (3.2.12)
  - Yoga (1.14.0)

DEPENDENCIES:
  - DoubleConversion (from `OutlookReactNativeKit/node_modules/react-native/third-party-podspecs/DoubleConversion.podspec`)
  - "fabric-react-native (from `OutlookReactNativeKit/node_modules/@ms/fabric-react-native`)"
  - FBLazyVector (from `OutlookReactNativeKit/node_modules/react-native/Libraries/FBLazyVector/FBLazyVector.podspec`)
  - FBReactNativeSpec (from `OutlookReactNativeKit/node_modules/react-native/Libraries/FBReactNativeSpec/FBReactNativeSpec.podspec`)
  - Folly (from `OutlookReactNativeKit/node_modules/react-native/third-party-podspecs/Folly.podspec`)
  - glog (from `OutlookReactNativeKit/node_modules/react-native/third-party-podspecs/glog.podspec`)
  - "Helpshift (from `https://office.visualstudio.com/DefaultCollection/Outlook%20Mobile/_git/helpshift-ios-sdk`, tag `v7.6.3-support`)"
  - "ItemsViewMobile (from `OutlookReactNativeKit/node_modules/@ms/items-view-mobile/ItemsViewMobile.podspec`)"
  - "LivePersonaCard (from `OutlookReactNativeKit/node_modules/@msfast/lpc-ios/LivePersonaCard.podspec`)"
  - "MGDCocoaCore (from `OutlookReactNativeKit/node_modules/@msfast/mgd-cocoa-core/MGDCocoaCore.podspec`)"
  - "OfficeFeed (from `OutlookReactNativeKit/node_modules/@msfast/feed-ios/ios/OfficeFeed.podspec`)"
  - OfficeUIFabric (~> 0)
  - OneDriveSDK/OneDriveCoreSDK
  - PrivacySharedFramework (= 0.2.12)
  - RCTRequired (from `OutlookReactNativeKit/node_modules/react-native/Libraries/RCTRequired/RCTRequired.podspec`)
  - RCTTypeSafety (from `OutlookReactNativeKit/node_modules/react-native/Libraries/TypeSafety/RCTTypeSafety.podspec`)
  - React (from `OutlookReactNativeKit/node_modules/react-native/React.podspec`)
  - React-Core (from `OutlookReactNativeKit/node_modules/react-native/React-Core.podspec`)
  - React-Core/DevSupport (from `OutlookReactNativeKit/node_modules/react-native/React-Core.podspec`)
  - React-Core/RCTWebSocket (from `OutlookReactNativeKit/node_modules/react-native/React-Core.podspec`)
  - React-CoreModules (from `OutlookReactNativeKit/node_modules/react-native/React/CoreModules/React-CoreModules.podspec`)
  - React-cxxreact (from `OutlookReactNativeKit/node_modules/react-native/ReactCommon/cxxreact/React-cxxreact.podspec`)
  - React-jsi (from `OutlookReactNativeKit/node_modules/react-native/ReactCommon/jsi/React-jsi.podspec`)
  - React-jsiexecutor (from `OutlookReactNativeKit/node_modules/react-native/ReactCommon/jsiexecutor/React-jsiexecutor.podspec`)
  - React-jsinspector (from `OutlookReactNativeKit/node_modules/react-native/ReactCommon/jsinspector/React-jsinspector.podspec`)
  - "react-native-netinfo (from `OutlookReactNativeKit/node_modules/@react-native-community/netinfo/react-native-netinfo.podspec`)"
  - react-native-shimmer (from `OutlookReactNativeKit/node_modules/react-native-shimmer`)
  - "react-native-sqlite-storage (from `OutlookReactNativeKit/node_modules/@ms/odsp-external-oss-react-native-sqlite-storage`)"
  - react-native-webview (from `OutlookReactNativeKit/node_modules/react-native-webview/react-native-webview.podspec`)
  - React-RCTActionSheet (from `OutlookReactNativeKit/node_modules/react-native/Libraries/ActionSheetIOS/React-RCTActionSheet.podspec`)
  - React-RCTAnimation (from `OutlookReactNativeKit/node_modules/react-native/Libraries/NativeAnimation/React-RCTAnimation.podspec`)
  - React-RCTBlob (from `OutlookReactNativeKit/node_modules/react-native/Libraries/Blob/React-RCTBlob.podspec`)
  - React-RCTImage (from `OutlookReactNativeKit/node_modules/react-native/Libraries/Image/React-RCTImage.podspec`)
  - React-RCTLinking (from `OutlookReactNativeKit/node_modules/react-native/Libraries/LinkingIOS/React-RCTLinking.podspec`)
  - React-RCTNetwork (from `OutlookReactNativeKit/node_modules/react-native/Libraries/Network/React-RCTNetwork.podspec`)
  - React-RCTSettings (from `OutlookReactNativeKit/node_modules/react-native/Libraries/Settings/React-RCTSettings.podspec`)
  - React-RCTText (from `OutlookReactNativeKit/node_modules/react-native/Libraries/Text/React-RCTText.podspec`)
  - React-RCTVibration (from `OutlookReactNativeKit/node_modules/react-native/Libraries/Vibration/React-RCTVibration.podspec`)
  - ReactCommon/jscallinvoker (from `OutlookReactNativeKit/node_modules/react-native/ReactCommon/ReactCommon.podspec`)
  - ReactCommon/turbomodule/core (from `OutlookReactNativeKit/node_modules/react-native/ReactCommon/ReactCommon.podspec`)
  - "RNCortanaConversation (from `OutlookReactNativeKit/node_modules/@mscortana/react-native-cortana-conversation/RNCortanaConversation.podspec`)"
  - RNFS (from `OutlookReactNativeKit/node_modules/react-native-fs`)
  - SwiftLint (= 0.38.2)
  - "uservoice-iphone-sdk (from `https://office.visualstudio.com/DefaultCollection/Outlook%20Mobile/_git/uservoice-ios-sdk`, tag `3.2.14`)"
  - Yoga (from `OutlookReactNativeKit/node_modules/react-native/ReactCommon/yoga/Yoga.podspec`)

SPEC REPOS:
  https://github.com/CocoaPods/Specs.git:
    - boost-for-react-native
    - OneDriveSDK
    - Shimmer
    - SwiftLint
  "msblox@vs-ssh.visualstudio.com:v3/msblox/CocoaPods/CocoaPods":
    - MicrosoftSharedUI
    - OfficeUIFabric
    - PrivacySharedFramework
    - Reykjavik

EXTERNAL SOURCES:
  DoubleConversion:
    :podspec: OutlookReactNativeKit/node_modules/react-native/third-party-podspecs/DoubleConversion.podspec
  fabric-react-native:
    :podspec: "OutlookReactNativeKit/node_modules/@ms/fabric-react-native"
  FBLazyVector:
    :podspec: OutlookReactNativeKit/node_modules/react-native/Libraries/FBLazyVector/FBLazyVector.podspec
  FBReactNativeSpec:
    :podspec: OutlookReactNativeKit/node_modules/react-native/Libraries/FBReactNativeSpec/FBReactNativeSpec.podspec
  Folly:
    :podspec: OutlookReactNativeKit/node_modules/react-native/third-party-podspecs/Folly.podspec
  glog:
    :podspec: OutlookReactNativeKit/node_modules/react-native/third-party-podspecs/glog.podspec
  Helpshift:
    :git: "https://office.visualstudio.com/DefaultCollection/Outlook%20Mobile/_git/helpshift-ios-sdk"
    :tag: v7.6.3-support
  ItemsViewMobile:
    :podspec: "OutlookReactNativeKit/node_modules/@ms/items-view-mobile/ItemsViewMobile.podspec"
  LivePersonaCard:
    :podspec: "OutlookReactNativeKit/node_modules/@msfast/lpc-ios/LivePersonaCard.podspec"
  MGDCocoaCore:
    :podspec: "OutlookReactNativeKit/node_modules/@msfast/mgd-cocoa-core/MGDCocoaCore.podspec"
  OfficeFeed:
    :podspec: "OutlookReactNativeKit/node_modules/@msfast/feed-ios/ios/OfficeFeed.podspec"
  RCTRequired:
    :podspec: OutlookReactNativeKit/node_modules/react-native/Libraries/RCTRequired/RCTRequired.podspec
  RCTTypeSafety:
    :podspec: OutlookReactNativeKit/node_modules/react-native/Libraries/TypeSafety/RCTTypeSafety.podspec
  React:
    :podspec: OutlookReactNativeKit/node_modules/react-native/React.podspec
  React-Core:
    :podspec: OutlookReactNativeKit/node_modules/react-native/React-Core.podspec
  React-CoreModules:
    :podspec: OutlookReactNativeKit/node_modules/react-native/React/CoreModules/React-CoreModules.podspec
  React-cxxreact:
    :podspec: OutlookReactNativeKit/node_modules/react-native/ReactCommon/cxxreact/React-cxxreact.podspec
  React-jsi:
    :podspec: OutlookReactNativeKit/node_modules/react-native/ReactCommon/jsi/React-jsi.podspec
  React-jsiexecutor:
    :podspec: OutlookReactNativeKit/node_modules/react-native/ReactCommon/jsiexecutor/React-jsiexecutor.podspec
  React-jsinspector:
    :podspec: OutlookReactNativeKit/node_modules/react-native/ReactCommon/jsinspector/React-jsinspector.podspec
  react-native-netinfo:
    :podspec: "OutlookReactNativeKit/node_modules/@react-native-community/netinfo/react-native-netinfo.podspec"
  react-native-shimmer:
    :podspec: OutlookReactNativeKit/node_modules/react-native-shimmer
  react-native-sqlite-storage:
    :podspec: "OutlookReactNativeKit/node_modules/@ms/odsp-external-oss-react-native-sqlite-storage"
  react-native-webview:
    :podspec: OutlookReactNativeKit/node_modules/react-native-webview/react-native-webview.podspec
  React-RCTActionSheet:
    :podspec: OutlookReactNativeKit/node_modules/react-native/Libraries/ActionSheetIOS/React-RCTActionSheet.podspec
  React-RCTAnimation:
    :podspec: OutlookReactNativeKit/node_modules/react-native/Libraries/NativeAnimation/React-RCTAnimation.podspec
  React-RCTBlob:
    :podspec: OutlookReactNativeKit/node_modules/react-native/Libraries/Blob/React-RCTBlob.podspec
  React-RCTImage:
    :podspec: OutlookReactNativeKit/node_modules/react-native/Libraries/Image/React-RCTImage.podspec
  React-RCTLinking:
    :podspec: OutlookReactNativeKit/node_modules/react-native/Libraries/LinkingIOS/React-RCTLinking.podspec
  React-RCTNetwork:
    :podspec: OutlookReactNativeKit/node_modules/react-native/Libraries/Network/React-RCTNetwork.podspec
  React-RCTSettings:
    :podspec: OutlookReactNativeKit/node_modules/react-native/Libraries/Settings/React-RCTSettings.podspec
  React-RCTText:
    :podspec: OutlookReactNativeKit/node_modules/react-native/Libraries/Text/React-RCTText.podspec
  React-RCTVibration:
    :podspec: OutlookReactNativeKit/node_modules/react-native/Libraries/Vibration/React-RCTVibration.podspec
  ReactCommon:
    :podspec: OutlookReactNativeKit/node_modules/react-native/ReactCommon/ReactCommon.podspec
  RNCortanaConversation:
    :podspec: "OutlookReactNativeKit/node_modules/@mscortana/react-native-cortana-conversation/RNCortanaConversation.podspec"
  RNFS:
    :podspec: OutlookReactNativeKit/node_modules/react-native-fs
  uservoice-iphone-sdk:
    :git: "https://office.visualstudio.com/DefaultCollection/Outlook%20Mobile/_git/uservoice-ios-sdk"
    :tag: 3.2.14
  Yoga:
    :podspec: OutlookReactNativeKit/node_modules/react-native/ReactCommon/yoga/Yoga.podspec

CHECKOUT OPTIONS:
  Helpshift:
    :git: "https://office.visualstudio.com/DefaultCollection/Outlook%20Mobile/_git/helpshift-ios-sdk"
    :tag: v7.6.3-support
  uservoice-iphone-sdk:
    :git: "https://office.visualstudio.com/DefaultCollection/Outlook%20Mobile/_git/uservoice-ios-sdk"
    :tag: 3.2.14

SPEC CHECKSUMS:
  boost-for-react-native: 39c7adb57c4e60d6c5479dd8623128eb5b3f0f2c
  DoubleConversion: 5805e889d232975c086db112ece9ed034df7a0b2
  fabric-react-native: 4d1e64ce51d7a08c01f51e153bf705979dab3148
  FBLazyVector: cd7790be991a1f123e64e644aada89fa09ad143d
  FBReactNativeSpec: 2a4ce4b60d83303203689c61291c39e0eab8ffbd
  Folly: 30e7936e1c45c08d884aa59369ed951a8e68cf51
  glog: 1f3da668190260b06b429bb211bfbee5cd790c28
  Helpshift: e49714c8252aa865c5786e3cb6e103875339adcd
  ItemsViewMobile: 14c2c3306f8f42212551ca41835586a3fab3aca2
  LivePersonaCard: 35fb119bfad2c3fc188ddd90a7d1ec72588f3e85
  MGDCocoaCore: de78fa231e8f2ed84c8e28e2017c2871cfdb00ac
  MicrosoftSharedUI: 276cc01d467b9715a081abb304cbbb6d44b1b979
  OfficeFeed: b1906cb6f08ab15062160dac89b6c2d324b20ec1
  OfficeUIFabric: ed55dd12d5fd39ad59d6bf0490489169de4d105a
  OneDriveSDK: 90ab8781f0992c37d96b68cc340585f5cf36701f
  PrivacySharedFramework: 82ab28bce19c70589b38ef24cc37c4e45dfb95ff
  RCTRequired: 2d82d1e93d941df9484f2b10924f605e4bb5645d
  RCTTypeSafety: 330797e6f1f841170532057814b0db64dbd4c392
  React: 7e586e5d7bec12b91c1a096826b0fc9ab1da7865
  React-Core: 8ddb9770b4a30a6ab4a754e6ed5ec76454e3d699
  React-CoreModules: 3c97d5b6e31f7dbc463c3132121ddff6099f7b82
  React-cxxreact: fdb7709dfb9613840d4dd312f523e8b82bedceaf
  React-jsi: d20eda5fda913b9c5f644690ccf9e2d9cf4cf73a
  React-jsiexecutor: 6e06649066337c4f0034b99980d4b735085283ee
  React-jsinspector: dbd52612784a529a0717e8544b348aa35fdabf27
  react-native-netinfo: 397dc351976ee5640fabca2452c23813895be2e5
  react-native-shimmer: d9e6f436e8b0318da2b6f391e04725363b01c2d9
  react-native-sqlite-storage: 786f4f7af7e2d714ed514e314e3d99bcb3c7e548
  react-native-webview: db4682f1698ab4b17a5e88f951031d203ff8aea8
  React-RCTActionSheet: 3caa4f1ee3e3f116f6f9641efcd8e0aa658641c1
  React-RCTAnimation: 9dacb88926fa446edf3abe96441ffd1aca06f148
  React-RCTBlob: c79c6d301b4c81250341b12ffdbafe7e0f42c2cb
  React-RCTImage: 85bcbb005c83de03db10b76aca2f40d77490be82
  React-RCTLinking: 8a4f1f2154abb4b6dc3cdc7fcd972bcf81ee3a8f
  React-RCTNetwork: a437dd263e07b10c764813431c5b97457339c1ff
  React-RCTSettings: 57c968a76975606fd00a9b51db6880309b4b560e
  React-RCTText: de31bef743c32f6698b8a208da574caf47cad806
  React-RCTVibration: 54ae6ce048e43103c2ef75c68330bb387c85f63b
  ReactCommon: f183f13d1178cee0a4c544823959f22b60c3d316
  Reykjavik: 17b09527b8eac57bf35a73446b2db1f6c9bb0f8e
  RNCortanaConversation: 4cbd191565b9ca1a44e886194a52c572d01fa76f
  RNFS: 3fae74b8f916f5220ca62131c775180ae854a49a
  Shimmer: c5374be1c2b0c9e292fb05b339a513cf291cac86
  SwiftLint: 8f5d2f903e1c9bcbc832fd16771e80a263ac6cbb
  uservoice-iphone-sdk: 4b82c3fb1fc335567aefa2314ee99a864bfac60c
  Yoga: 630a351d75b5dfbad95f91433f077ffcc575795f

PODFILE CHECKSUM: a4e034240f8cbbe0c55858e1d6692b5e02456bbe

COCOAPODS: 1.8.4
