PODS:
  - AFNetworkActivityLogger (2.0.4):
    - AFNetworking/NSURLConnection (~> 2.0)
    - AFNetworking/NSURLSession (~> 2.0)
  - AFNetworking (2.6.3):
    - AFNetworking/NSURLConnection (= 2.6.3)
    - AFNetworking/NSURLSession (= 2.6.3)
    - AFNetworking/Reachability (= 2.6.3)
    - AFNetworking/Security (= 2.6.3)
    - AFNetworking/Serialization (= 2.6.3)
    - AFNetworking/UIKit (= 2.6.3)
  - AFNetworking/NSURLConnection (2.6.3):
    - AFNetworking/Reachability
    - AFNetworking/Security
    - AFNetworking/Serialization
  - AFNetworking/NSURLSession (2.6.3):
    - AFNetworking/Reachability
    - AFNetworking/Security
    - AFNetworking/Serialization
  - AFNetworking/Reachability (2.6.3)
  - AFNetworking/Security (2.6.3)
  - AFNetworking/Serialization (2.6.3)
  - AFNetworking/UIKit (2.6.3):
    - AFNetworking/NSURLConnection
    - AFNetworking/NSURLSession
  - AppAuth (0.95.1)
  - Avro-C (1.7.6):
    - SK-Jansson (= 2.5.0)
  - Cards (0.0.44)
  - CocoaLumberjack (1.9.2):
    - CocoaLumberjack/Extensions (= 1.9.2)
  - CocoaLumberjack/Core (1.9.2)
  - CocoaLumberjack/Extensions (1.9.2):
    - CocoaLumberjack/Core
  - Crashlytics (3.14.0):
    - Fabric (~> 1.10.2)
  - Fabric (1.10.2)
  - FBSDKCoreKit (5.7.0):
    - FBSDKCoreKit/Basics (= 5.7.0)
    - FBSDKCoreKit/Core (= 5.7.0)
  - FBSDKCoreKit/Basics (5.7.0)
  - FBSDKCoreKit/Core (5.7.0):
    - FBSDKCoreKit/Basics
  - FBSDKLoginKit (5.7.0):
    - FBSDKLoginKit/Login (= 5.7.0)
  - FBSDKLoginKit/Login (5.7.0):
    - FBSDKCoreKit (~> 5.0)
  - Fluency (4.18.2)
  - GTMAppAuth (0.7.1):
    - AppAuth (~> 0.95)
    - GTMSessionFetcher (~> 1.1)
  - GTMSessionFetcher (1.3.1):
    - GTMSessionFetcher/Full (= 1.3.1)
  - GTMSessionFetcher/Core (1.3.1)
  - GTMSessionFetcher/Full (1.3.1):
    - GTMSessionFetcher/Core (= 1.3.1)
  - J2ObjC (0.9.6.1):
    - J2ObjC/lib/jre (= 0.9.6.1)
  - J2ObjC/lib/jre (0.9.6.1)
  - Keys (1.0.1)
  - KIF (3.7.7):
    - KIF/Core (= 3.7.7)
  - KIF/Core (3.7.7)
  - lottie-ios (2.5.3)
  - MicrosoftCognitiveServicesSpeech-iOS (1.9.0)
  - OCMock (3.4.2)
  - OHHTTPStubs/Core (8.0.0)
  - OHHTTPStubs/Default (8.0.0):
    - OHHTTPStubs/Core
    - OHHTTPStubs/JSON
    - OHHTTPStubs/NSURLSession
    - OHHTTPStubs/OHPathHelpers
  - OHHTTPStubs/JSON (8.0.0):
    - OHHTTPStubs/Core
  - OHHTTPStubs/NSURLSession (8.0.0):
    - OHHTTPStubs/Core
  - OHHTTPStubs/OHPathHelpers (8.0.0)
  - OHHTTPStubs/Swift (8.0.0):
    - OHHTTPStubs/Default
  - RangerSmith (1.1.7)
  - SK-Jansson (2.5.0)
  - SVGKit (1.2.0-swiftkey-no-log-6):
    - CocoaLumberjack (~> 1.9)
  - TTTAttributedLabel (2.0.0)
  - ZendeskSDK (1.5.3.1):
    - ZendeskSDK/Core (= 1.5.3.1)
    - ZendeskSDK/Localization (= 1.5.3.1)
    - ZendeskSDK/Providers (= 1.5.3.1)
  - ZendeskSDK/Core (1.5.3.1)
  - ZendeskSDK/Localization (1.5.3.1):
    - ZendeskSDK/Core
  - ZendeskSDK/Providers (1.5.3.1)
  - ZipArchive (1.4.0-swiftkey-2)

DEPENDENCIES:
  - AFNetworkActivityLogger (= 2.0.4)
  - AFNetworking (= 2.6.3)
  - Avro-C (from `./Local Pods/Avro-C.podspec`)
  - Cards (from `./Local Pods/Cards.podspec`)
  - Crashlytics (= 3.14.0)
  - Fabric (= 1.10.2)
  - FBSDKCoreKit (= 5.7.0)
  - FBSDKLoginKit (= 5.7.0)
  - Fluency (from `./Local Pods/Fluency.podspec`)
  - GTMAppAuth (= 0.7.1)
  - J2ObjC (= 0.9.6.1)
  - Keys (from `Pods/CocoaPodsKeys`)
  - KIF (= 3.7.7)
  - lottie-ios (= 2.5.3)
  - MicrosoftCognitiveServicesSpeech-iOS (= 1.9.0)
  - OCMock (= 3.4.2)
  - OHHTTPStubs/Core (= 8.0.0)
  - OHHTTPStubs/NSURLSession (= 8.0.0)
  - OHHTTPStubs/Swift (= 8.0.0)
  - RangerSmith (from `./Local Pods/RangerSmith.podspec`)
  - SK-Jansson (from `./Local Pods/SK-Jansson.podspec`)
  - SVGKit (from `./Local Pods/SVGKit.podspec`)
  - TTTAttributedLabel (= 2.0.0)
  - ZendeskSDK (= 1.5.3.1)
  - ZipArchive (from `./Local Pods/ZipArchive.podspec`)

SPEC REPOS:
  trunk:
    - AFNetworkActivityLogger
    - AFNetworking
    - AppAuth
    - CocoaLumberjack
    - Crashlytics
    - Fabric
    - FBSDKCoreKit
    - FBSDKLoginKit
    - GTMAppAuth
    - GTMSessionFetcher
    - J2ObjC
    - KIF
    - lottie-ios
    - MicrosoftCognitiveServicesSpeech-iOS
    - OCMock
    - OHHTTPStubs
    - TTTAttributedLabel
    - ZendeskSDK

EXTERNAL SOURCES:
  Avro-C:
    :podspec: "./Local Pods/Avro-C.podspec"
  Cards:
    :podspec: "./Local Pods/Cards.podspec"
  Fluency:
    :podspec: "./Local Pods/Fluency.podspec"
  Keys:
    :path: Pods/CocoaPodsKeys
  RangerSmith:
    :podspec: "./Local Pods/RangerSmith.podspec"
  SK-Jansson:
    :podspec: "./Local Pods/SK-Jansson.podspec"
  SVGKit:
    :podspec: "./Local Pods/SVGKit.podspec"
  ZipArchive:
    :podspec: "./Local Pods/ZipArchive.podspec"

SPEC CHECKSUMS:
  AFNetworkActivityLogger: 121486778117d53b3ab1c61d264b88081d0c3eee
  AFNetworking: cb8d14a848e831097108418f5d49217339d4eb60
  AppAuth: cd34aac431e5c77c46ec7f03935377faa8c5808b
  Avro-C: 06e2365da7fc605f0202d1af6faadbb0c8eb5f85
  Cards: 09c80e52ba445a60e07b2eeada86225c30ad9cbb
  CocoaLumberjack: 628fca2e88ef06f7cf6817309aa405f325d9a6fa
  Crashlytics: 540b7e5f5da5a042647227a5e3ac51d85eed06df
  Fabric: 706c8b8098fff96c33c0db69cbf81f9c551d0d74
  FBSDKCoreKit: 0d2d450fe9447e204fa6e912e0df76dd36693699
  FBSDKLoginKit: 4127e8260b96e0e4cc8ba0c10c95ee63941aa24a
  Fluency: 9b5d3dd5a8ca41533a5f0685a92cc508ceda5025
  GTMAppAuth: c5e41aaf039ac1ccc41543e6ea2ef7abd255ad41
  GTMSessionFetcher: cea130bbfe5a7edc8d06d3f0d17288c32ffe9925
  J2ObjC: d771874bd40b4ecd52d08495f8d7e65929e5a428
  Keys: a576f4c9c1c641ca913a959a9c62ed3f215a8de9
  KIF: 6f525b18d4cca3d6445f3c5d683294e9157bd3f4
  lottie-ios: a50d5c0160425cd4b01b852bb9578963e6d92d31
  MicrosoftCognitiveServicesSpeech-iOS: c5999afa0efc667e755fcb1bbfd5ab6135051429
  OCMock: ebe9ee1dca7fbed0ff9193ac0b3e2d8862ea56f6
  OHHTTPStubs: 9cbce6364bec557cc3439aa6bb7514670d780881
  RangerSmith: 465a2068f882e5a12b083351e07964efec3617a1
  SK-Jansson: 923a50b8fa6fe939430b98664d4c001a8ec62f40
  SVGKit: f8dacbed6a6f7e816e9948ab3751bbf43ef541f3
  TTTAttributedLabel: 8cffe8e127e4e82ff3af1e5386d4cd0ad000b656
  ZendeskSDK: 94799ad545976190facd14e61f55b67f9a5c5385
  ZipArchive: 21dbbd7122e9f3ac99197ed28c3751bfa31d9a86

PODFILE CHECKSUM: 8bf81b6249b70b7ba8c4e1e664e243e4363f25e9

COCOAPODS: 1.8.4
